
Microsoft Visual Studio Solution File, Format Version 12.00
# Visual Studio Version 16
VisualStudioVersion = 16.0.31613.86
MinimumVisualStudioVersion = 10.0.40219.1
Project("{FAE04EC0-301F-11D3-BF4B-00C04F79EFBC}") = "WebApp", "WebApp\WebApp.csproj", "{FA4322A1-F3B1-41EE-A6D3-C93F272AD94D}"
EndProject
Global
	GlobalSection(SolutionConfigurationPlatforms) = preSolution
		Debug|Any CPU = Debug|Any CPU
		Release|Any CPU = Release|Any CPU
	EndGlobalSection
	GlobalSection(ProjectConfigurationPlatforms) = postSolution
		{FA4322A1-F3B1-41EE-A6D3-C93F272AD94D}.Debug|Any CPU.ActiveCfg = Debug|Any CPU
		{FA4322A1-F3B1-41EE-A6D3-C93F272AD94D}.Debug|Any CPU.Build.0 = Debug|Any CPU
		{FA4322A1-F3B1-41EE-A6D3-C93F272AD94D}.Release|Any CPU.ActiveCfg = Release|Any CPU
		{FA4322A1-F3B1-41EE-A6D3-C93F272AD94D}.Release|Any CPU.Build.0 = Release|Any CPU
	EndGlobalSection
	GlobalSection(SolutionProperties) = preSolution
		HideSolutionNode = FALSE
	EndGlobalSection
	GlobalSection(ExtensibilityGlobals) = postSolution
		SolutionGuid = {6DC6E9F5-ECAB-49CB-9C75-F6773F4ACB0E}
	EndGlobalSection
EndGlobal
